// !$*UTF8*$!
{
	archiveVersion = 1;
	classes = {
	};
	objectVersion = 52;
	objects = {

/* Begin PBXBuildFile section */
		040EE8AA256B230200764833 /* PrizeWheelViewController.swift in Sources */ = {isa = PBXBuildFile; fileRef = 040EE8A8256B230200764833 /* PrizeWheelViewController.swift */; };
		040EE8AB256B230200764833 /* PrizeWheelViewController.xib in Resources */ = {isa = PBXBuildFile; fileRef = 040EE8A9256B230200764833 /* PrizeWheelViewController.xib */; };
		040EE8AE256B258F00764833 /* PrizeWheelScene.swift in Sources */ = {isa = PBXBuildFile; fileRef = 040EE8AD256B258F00764833 /* PrizeWheelScene.swift */; };
		040EE8B0256B28A200764833 /* PrizeWheelPrize.swift in Sources */ = {isa = PBXBuildFile; fileRef = 040EE8AF256B28A200764833 /* PrizeWheelPrize.swift */; };
		041C5ADC21CD961A0001A2D8 /* TabStripViewController.swift in Sources */ = {isa = PBXBuildFile; fileRef = 041C5ADB21CD961A0001A2D8 /* TabStripViewController.swift */; };
		04663A2A1F2E9802009CF0E2 /* AppDelegate.swift in Sources */ = {isa = PBXBuildFile; fileRef = 04663A291F2E9802009CF0E2 /* AppDelegate.swift */; };
		04663A2C1F2E9802009CF0E2 /* CalcViewController.swift in Sources */ = {isa = PBXBuildFile; fileRef = 04663A2B1F2E9802009CF0E2 /* CalcViewController.swift */; };
		04663A2F1F2E9802009CF0E2 /* Main.storyboard in Resources */ = {isa = PBXBuildFile; fileRef = 04663A2D1F2E9802009CF0E2 /* Main.storyboard */; };
		04663A311F2E9802009CF0E2 /* Assets.xcassets in Resources */ = {isa = PBXBuildFile; fileRef = 04663A301F2E9802009CF0E2 /* Assets.xcassets */; };
		04663A341F2E9802009CF0E2 /* LaunchScreen.storyboard in Resources */ = {isa = PBXBuildFile; fileRef = 04663A321F2E9802009CF0E2 /* LaunchScreen.storyboard */; };
		046A08482113D39E00176280 /* CoreAnimationSpinner.swift in Sources */ = {isa = PBXBuildFile; fileRef = 046A08472113D39E00176280 /* CoreAnimationSpinner.swift */; };
		046A084A2113DC5600176280 /* SpinnerViewController.swift in Sources */ = {isa = PBXBuildFile; fileRef = 046A08492113DC5600176280 /* SpinnerViewController.swift */; };
		046B7E0F21F926F1002787D2 /* XibViewController.swift in Sources */ = {isa = PBXBuildFile; fileRef = 046B7E0D21F926F1002787D2 /* XibViewController.swift */; };
		046B7E1021F926F1002787D2 /* XibViewController.xib in Resources */ = {isa = PBXBuildFile; fileRef = 046B7E0E21F926F1002787D2 /* XibViewController.xib */; };
		0489731A256C0E1100CB260B /* JLActivityIndicator in Frameworks */ = {isa = PBXBuildFile; productRef = 04897319256C0E1100CB260B /* JLActivityIndicator */; };
		048D48E51F3413DF0025BF24 /* CalculatorModel.swift in Sources */ = {isa = PBXBuildFile; fileRef = 048D48E41F3413DF0025BF24 /* CalculatorModel.swift */; };
		048F97F81FCBD17100A2805F /* ImageShowerControlleer.swift in Sources */ = {isa = PBXBuildFile; fileRef = 048F97F71FCBD17100A2805F /* ImageShowerControlleer.swift */; };
		049A7F9C1FD116A100F370B5 /* CoreMotionViewController.swift in Sources */ = {isa = PBXBuildFile; fileRef = 049A7F9B1FD116A100F370B5 /* CoreMotionViewController.swift */; };
		04A3E6B1256B1B0200A17324 /* Pods_Calculator.framework in Frameworks */ = {isa = PBXBuildFile; fileRef = CD0F8DB34EF3DDF7BE91154B /* Pods_Calculator.framework */; };
		04A3E6B2256B1B0200A17324 /* Pods_Calculator.framework in Embed Frameworks */ = {isa = PBXBuildFile; fileRef = CD0F8DB34EF3DDF7BE91154B /* Pods_Calculator.framework */; settings = {ATTRIBUTES = (CodeSignOnCopy, RemoveHeadersOnCopy, ); }; };
		04B42E1B20D0C42C00B39E2F /* IndexViewCollectionViewController.swift in Sources */ = {isa = PBXBuildFile; fileRef = 04B42E1A20D0C42C00B39E2F /* IndexViewCollectionViewController.swift */; };
		04C6039D1FB7E9A3009BE3EE /* NavViewController.swift in Sources */ = {isa = PBXBuildFile; fileRef = 04C6039C1FB7E9A3009BE3EE /* NavViewController.swift */; };
		04DD2D421FE4780C00ED8591 /* MyTableViewController.swift in Sources */ = {isa = PBXBuildFile; fileRef = 04DD2D411FE4780C00ED8591 /* MyTableViewController.swift */; };
		04DF6CB11FE8340D003E7316 /* testIcon.png in Resources */ = {isa = PBXBuildFile; fileRef = 04DF6CB01FE8340D003E7316 /* testIcon.png */; };
		04FD350320C02DC8001E267D /* NaturalLanguageProcessor.swift in Sources */ = {isa = PBXBuildFile; fileRef = 04FD350220C02DC8001E267D /* NaturalLanguageProcessor.swift */; };
		04FF38502010465A00203820 /* HapticFeedbackViewController.swift in Sources */ = {isa = PBXBuildFile; fileRef = 04FF384F2010465A00203820 /* HapticFeedbackViewController.swift */; };
		04FF385220104ED000203820 /* README.md in Resources */ = {isa = PBXBuildFile; fileRef = 04FF385120104ED000203820 /* README.md */; };
/* End PBXBuildFile section */

/* Begin PBXCopyFilesBuildPhase section */
		041B517121166B6400B03A49 /* Embed Frameworks */ = {
			isa = PBXCopyFilesBuildPhase;
			buildActionMask = 2147483647;
			dstPath = "";
			dstSubfolderSpec = 10;
			files = (
				04A3E6B2256B1B0200A17324 /* Pods_Calculator.framework in Embed Frameworks */,
			);
			name = "Embed Frameworks";
			runOnlyForDeploymentPostprocessing = 0;
		};
/* End PBXCopyFilesBuildPhase section */

/* Begin PBXFileReference section */
		040EE8A8256B230200764833 /* PrizeWheelViewController.swift */ = {isa = PBXFileReference; lastKnownFileType = sourcecode.swift; path = PrizeWheelViewController.swift; sourceTree = "<group>"; };
		040EE8A9256B230200764833 /* PrizeWheelViewController.xib */ = {isa = PBXFileReference; lastKnownFileType = file.xib; path = PrizeWheelViewController.xib; sourceTree = "<group>"; };
		040EE8AD256B258F00764833 /* PrizeWheelScene.swift */ = {isa = PBXFileReference; lastKnownFileType = sourcecode.swift; path = PrizeWheelScene.swift; sourceTree = "<group>"; };
		040EE8AF256B28A200764833 /* PrizeWheelPrize.swift */ = {isa = PBXFileReference; lastKnownFileType = sourcecode.swift; path = PrizeWheelPrize.swift; sourceTree = "<group>"; };
		041C5ADB21CD961A0001A2D8 /* TabStripViewController.swift */ = {isa = PBXFileReference; lastKnownFileType = sourcecode.swift; path = TabStripViewController.swift; sourceTree = "<group>"; };
		04663A261F2E9802009CF0E2 /* Calculator.app */ = {isa = PBXFileReference; explicitFileType = wrapper.application; includeInIndex = 0; path = Calculator.app; sourceTree = BUILT_PRODUCTS_DIR; };
		04663A291F2E9802009CF0E2 /* AppDelegate.swift */ = {isa = PBXFileReference; lastKnownFileType = sourcecode.swift; path = AppDelegate.swift; sourceTree = "<group>"; };
		04663A2B1F2E9802009CF0E2 /* CalcViewController.swift */ = {isa = PBXFileReference; lastKnownFileType = sourcecode.swift; path = CalcViewController.swift; sourceTree = "<group>"; };
		04663A2E1F2E9802009CF0E2 /* Base */ = {isa = PBXFileReference; lastKnownFileType = file.storyboard; name = Base; path = Base.lproj/Main.storyboard; sourceTree = "<group>"; };
		04663A301F2E9802009CF0E2 /* Assets.xcassets */ = {isa = PBXFileReference; lastKnownFileType = folder.assetcatalog; path = Assets.xcassets; sourceTree = "<group>"; };
		04663A331F2E9802009CF0E2 /* Base */ = {isa = PBXFileReference; lastKnownFileType = file.storyboard; name = Base; path = Base.lproj/LaunchScreen.storyboard; sourceTree = "<group>"; };
		04663A351F2E9802009CF0E2 /* Info.plist */ = {isa = PBXFileReference; lastKnownFileType = text.plist.xml; path = Info.plist; sourceTree = "<group>"; };
		046A08472113D39E00176280 /* CoreAnimationSpinner.swift */ = {isa = PBXFileReference; lastKnownFileType = sourcecode.swift; path = CoreAnimationSpinner.swift; sourceTree = "<group>"; };
		046A08492113DC5600176280 /* SpinnerViewController.swift */ = {isa = PBXFileReference; lastKnownFileType = sourcecode.swift; path = SpinnerViewController.swift; sourceTree = "<group>"; };
		046B7E0D21F926F1002787D2 /* XibViewController.swift */ = {isa = PBXFileReference; lastKnownFileType = sourcecode.swift; path = XibViewController.swift; sourceTree = "<group>"; };
		046B7E0E21F926F1002787D2 /* XibViewController.xib */ = {isa = PBXFileReference; lastKnownFileType = file.xib; path = XibViewController.xib; sourceTree = "<group>"; };
		048D48E41F3413DF0025BF24 /* CalculatorModel.swift */ = {isa = PBXFileReference; fileEncoding = 4; lastKnownFileType = sourcecode.swift; path = CalculatorModel.swift; sourceTree = "<group>"; };
		048F97F71FCBD17100A2805F /* ImageShowerControlleer.swift */ = {isa = PBXFileReference; lastKnownFileType = sourcecode.swift; path = ImageShowerControlleer.swift; sourceTree = "<group>"; };
		049A7F9B1FD116A100F370B5 /* CoreMotionViewController.swift */ = {isa = PBXFileReference; lastKnownFileType = sourcecode.swift; path = CoreMotionViewController.swift; sourceTree = "<group>"; };
		04B42E1A20D0C42C00B39E2F /* IndexViewCollectionViewController.swift */ = {isa = PBXFileReference; lastKnownFileType = sourcecode.swift; path = IndexViewCollectionViewController.swift; sourceTree = "<group>"; };
		04C6039C1FB7E9A3009BE3EE /* NavViewController.swift */ = {isa = PBXFileReference; lastKnownFileType = sourcecode.swift; path = NavViewController.swift; sourceTree = "<group>"; };
		04DD2D411FE4780C00ED8591 /* MyTableViewController.swift */ = {isa = PBXFileReference; lastKnownFileType = sourcecode.swift; path = MyTableViewController.swift; sourceTree = "<group>"; };
		04DF6CB01FE8340D003E7316 /* testIcon.png */ = {isa = PBXFileReference; lastKnownFileType = image.png; path = testIcon.png; sourceTree = "<group>"; };
		04FD350220C02DC8001E267D /* NaturalLanguageProcessor.swift */ = {isa = PBXFileReference; lastKnownFileType = sourcecode.swift; path = NaturalLanguageProcessor.swift; sourceTree = "<group>"; };
		04FF384F2010465A00203820 /* HapticFeedbackViewController.swift */ = {isa = PBXFileReference; lastKnownFileType = sourcecode.swift; path = HapticFeedbackViewController.swift; sourceTree = "<group>"; };
		04FF385120104ED000203820 /* README.md */ = {isa = PBXFileReference; fileEncoding = 4; lastKnownFileType = net.daringfireball.markdown; path = README.md; sourceTree = SOURCE_ROOT; };
		737D8DEF05592488E540B490 /* Pods-Calculator.release.xcconfig */ = {isa = PBXFileReference; includeInIndex = 1; lastKnownFileType = text.xcconfig; name = "Pods-Calculator.release.xcconfig"; path = "Pods/Target Support Files/Pods-Calculator/Pods-Calculator.release.xcconfig"; sourceTree = "<group>"; };
		A6020701CCC906A55CD2675F /* Pods-Calculator.debug.xcconfig */ = {isa = PBXFileReference; includeInIndex = 1; lastKnownFileType = text.xcconfig; name = "Pods-Calculator.debug.xcconfig"; path = "Pods/Target Support Files/Pods-Calculator/Pods-Calculator.debug.xcconfig"; sourceTree = "<group>"; };
		CD0F8DB34EF3DDF7BE91154B /* Pods_Calculator.framework */ = {isa = PBXFileReference; explicitFileType = wrapper.framework; includeInIndex = 0; path = Pods_Calculator.framework; sourceTree = BUILT_PRODUCTS_DIR; };
/* End PBXFileReference section */

/* Begin PBXFrameworksBuildPhase section */
		04663A231F2E9802009CF0E2 /* Frameworks */ = {
			isa = PBXFrameworksBuildPhase;
			buildActionMask = 2147483647;
			files = (
				04A3E6B1256B1B0200A17324 /* Pods_Calculator.framework in Frameworks */,
				0489731A256C0E1100CB260B /* JLActivityIndicator in Frameworks */,
			);
			runOnlyForDeploymentPostprocessing = 0;
		};
/* End PBXFrameworksBuildPhase section */

/* Begin PBXGroup section */
		040EE8A3256B22DA00764833 /* Prize Wheel */ = {
			isa = PBXGroup;
			children = (
				040EE8AC256B24AF00764833 /* PrizeWheelScene */,
				040EE8A8256B230200764833 /* PrizeWheelViewController.swift */,
				040EE8A9256B230200764833 /* PrizeWheelViewController.xib */,
				040EE8AF256B28A200764833 /* PrizeWheelPrize.swift */,
			);
			path = "Prize Wheel";
			sourceTree = "<group>";
		};
		040EE8AC256B24AF00764833 /* PrizeWheelScene */ = {
			isa = PBXGroup;
			children = (
				040EE8AD256B258F00764833 /* PrizeWheelScene.swift */,
			);
			path = PrizeWheelScene;
			sourceTree = "<group>";
		};
		04663A1D1F2E9802009CF0E2 = {
			isa = PBXGroup;
			children = (
				04663A281F2E9802009CF0E2 /* Calculator */,
				04663A271F2E9802009CF0E2 /* Products */,
				5280C64FDC82482E9EBC9135 /* Pods */,
				68CC792DFB18FBC558A3F1A6 /* Frameworks */,
			);
			sourceTree = "<group>";
		};
		04663A271F2E9802009CF0E2 /* Products */ = {
			isa = PBXGroup;
			children = (
				04663A261F2E9802009CF0E2 /* Calculator.app */,
			);
			name = Products;
			sourceTree = "<group>";
		};
		04663A281F2E9802009CF0E2 /* Calculator */ = {
			isa = PBXGroup;
			children = (
				040EE8A3256B22DA00764833 /* Prize Wheel */,
				046B7E0C21F926D3002787D2 /* XIB Example */,
				04FF385120104ED000203820 /* README.md */,
				04DF6CB01FE8340D003E7316 /* testIcon.png */,
				048F97F71FCBD17100A2805F /* ImageShowerControlleer.swift */,
				04C6039C1FB7E9A3009BE3EE /* NavViewController.swift */,
				04663A291F2E9802009CF0E2 /* AppDelegate.swift */,
				04663A2B1F2E9802009CF0E2 /* CalcViewController.swift */,
				04663A2D1F2E9802009CF0E2 /* Main.storyboard */,
				04DD2D411FE4780C00ED8591 /* MyTableViewController.swift */,
				049A7F9B1FD116A100F370B5 /* CoreMotionViewController.swift */,
				048D48E41F3413DF0025BF24 /* CalculatorModel.swift */,
				04663A301F2E9802009CF0E2 /* Assets.xcassets */,
				04663A321F2E9802009CF0E2 /* LaunchScreen.storyboard */,
				04663A351F2E9802009CF0E2 /* Info.plist */,
				04FF384F2010465A00203820 /* HapticFeedbackViewController.swift */,
				04FD350220C02DC8001E267D /* NaturalLanguageProcessor.swift */,
				04B42E1A20D0C42C00B39E2F /* IndexViewCollectionViewController.swift */,
				046A08472113D39E00176280 /* CoreAnimationSpinner.swift */,
				046A08492113DC5600176280 /* SpinnerViewController.swift */,
				041C5ADB21CD961A0001A2D8 /* TabStripViewController.swift */,
			);
			path = Calculator;
			sourceTree = "<group>";
		};
		046B7E0C21F926D3002787D2 /* XIB Example */ = {
			isa = PBXGroup;
			children = (
				046B7E0D21F926F1002787D2 /* XibViewController.swift */,
				046B7E0E21F926F1002787D2 /* XibViewController.xib */,
			);
			path = "XIB Example";
			sourceTree = "<group>";
		};
		5280C64FDC82482E9EBC9135 /* Pods */ = {
			isa = PBXGroup;
			children = (
				A6020701CCC906A55CD2675F /* Pods-Calculator.debug.xcconfig */,
				737D8DEF05592488E540B490 /* Pods-Calculator.release.xcconfig */,
			);
			name = Pods;
			sourceTree = "<group>";
		};
		68CC792DFB18FBC558A3F1A6 /* Frameworks */ = {
			isa = PBXGroup;
			children = (
				CD0F8DB34EF3DDF7BE91154B /* Pods_Calculator.framework */,
			);
			name = Frameworks;
			sourceTree = "<group>";
		};
/* End PBXGroup section */

/* Begin PBXNativeTarget section */
		04663A251F2E9802009CF0E2 /* Calculator */ = {
			isa = PBXNativeTarget;
			buildConfigurationList = 04663A381F2E9802009CF0E2 /* Build configuration list for PBXNativeTarget "Calculator" */;
			buildPhases = (
				C0441538F9C01F716B355330 /* [CP] Check Pods Manifest.lock */,
				04663A221F2E9802009CF0E2 /* Sources */,
				04663A231F2E9802009CF0E2 /* Frameworks */,
				04663A241F2E9802009CF0E2 /* Resources */,
				9A8B191B9D98370389CC704E /* [CP] Embed Pods Frameworks */,
				041B517121166B6400B03A49 /* Embed Frameworks */,
			);
			buildRules = (
			);
			dependencies = (
			);
			name = Calculator;
			packageProductDependencies = (
				04897319256C0E1100CB260B /* JLActivityIndicator */,
			);
			productName = Calculator;
			productReference = 04663A261F2E9802009CF0E2 /* Calculator.app */;
			productType = "com.apple.product-type.application";
		};
/* End PBXNativeTarget section */

/* Begin PBXProject section */
		04663A1E1F2E9802009CF0E2 /* Project object */ = {
			isa = PBXProject;
			attributes = {
				LastSwiftUpdateCheck = 0830;
				LastUpgradeCheck = 0940;
				ORGANIZATIONNAME = "Jing Wei Li";
				TargetAttributes = {
					04663A251F2E9802009CF0E2 = {
						CreatedOnToolsVersion = 8.3.3;
						DevelopmentTeam = NDBTK98VL3;
						LastSwiftMigration = 1000;
						ProvisioningStyle = Automatic;
					};
				};
			};
			buildConfigurationList = 04663A211F2E9802009CF0E2 /* Build configuration list for PBXProject "Calculator" */;
			compatibilityVersion = "Xcode 3.2";
			developmentRegion = English;
			hasScannedForEncodings = 0;
			knownRegions = (
				English,
				en,
				Base,
			);
			mainGroup = 04663A1D1F2E9802009CF0E2;
			packageReferences = (
				04897318256C0E1000CB260B /* XCRemoteSwiftPackageReference "JLActivityIndicator" */,
			);
			productRefGroup = 04663A271F2E9802009CF0E2 /* Products */;
			projectDirPath = "";
			projectRoot = "";
			targets = (
				04663A251F2E9802009CF0E2 /* Calculator */,
			);
		};
/* End PBXProject section */

/* Begin PBXResourcesBuildPhase section */
		04663A241F2E9802009CF0E2 /* Resources */ = {
			isa = PBXResourcesBuildPhase;
			buildActionMask = 2147483647;
			files = (
				04DF6CB11FE8340D003E7316 /* testIcon.png in Resources */,
				040EE8AB256B230200764833 /* PrizeWheelViewController.xib in Resources */,
				04663A341F2E9802009CF0E2 /* LaunchScreen.storyboard in Resources */,
				04FF385220104ED000203820 /* README.md in Resources */,
				04663A311F2E9802009CF0E2 /* Assets.xcassets in Resources */,
				046B7E1021F926F1002787D2 /* XibViewController.xib in Resources */,
				04663A2F1F2E9802009CF0E2 /* Main.storyboard in Resources */,
			);
			runOnlyForDeploymentPostprocessing = 0;
		};
/* End PBXResourcesBuildPhase section */

/* Begin PBXShellScriptBuildPhase section */
		9A8B191B9D98370389CC704E /* [CP] Embed Pods Frameworks */ = {
			isa = PBXShellScriptBuildPhase;
			buildActionMask = 2147483647;
			files = (
			);
			inputPaths = (
				"${SRCROOT}/Pods/Target Support Files/Pods-Calculator/Pods-Calculator-frameworks.sh",
				"${BUILT_PRODUCTS_DIR}/BDKCollectionIndexView/BDKCollectionIndexView.framework",
				"${BUILT_PRODUCTS_DIR}/MarqueeLabel/MarqueeLabel.framework",
				"${BUILT_PRODUCTS_DIR}/XLPagerTabStrip/XLPagerTabStrip.framework",
			);
			name = "[CP] Embed Pods Frameworks";
			outputPaths = (
				"${TARGET_BUILD_DIR}/${FRAMEWORKS_FOLDER_PATH}/BDKCollectionIndexView.framework",
				"${TARGET_BUILD_DIR}/${FRAMEWORKS_FOLDER_PATH}/MarqueeLabel.framework",
				"${TARGET_BUILD_DIR}/${FRAMEWORKS_FOLDER_PATH}/XLPagerTabStrip.framework",
			);
			runOnlyForDeploymentPostprocessing = 0;
			shellPath = /bin/sh;
			shellScript = "\"${SRCROOT}/Pods/Target Support Files/Pods-Calculator/Pods-Calculator-frameworks.sh\"\n";
			showEnvVarsInLog = 0;
		};
		C0441538F9C01F716B355330 /* [CP] Check Pods Manifest.lock */ = {
			isa = PBXShellScriptBuildPhase;
			buildActionMask = 2147483647;
			files = (
			);
			inputPaths = (
				"${PODS_PODFILE_DIR_PATH}/Podfile.lock",
				"${PODS_ROOT}/Manifest.lock",
			);
			name = "[CP] Check Pods Manifest.lock";
			outputPaths = (
				"$(DERIVED_FILE_DIR)/Pods-Calculator-checkManifestLockResult.txt",
			);
			runOnlyForDeploymentPostprocessing = 0;
			shellPath = /bin/sh;
			shellScript = "diff \"${PODS_PODFILE_DIR_PATH}/Podfile.lock\" \"${PODS_ROOT}/Manifest.lock\" > /dev/null\nif [ $? != 0 ] ; then\n    # print error to STDERR\n    echo \"error: The sandbox is not in sync with the Podfile.lock. Run 'pod install' or update your CocoaPods installation.\" >&2\n    exit 1\nfi\n# This output is used by Xcode 'outputs' to avoid re-running this script phase.\necho \"SUCCESS\" > \"${SCRIPT_OUTPUT_FILE_0}\"\n";
			showEnvVarsInLog = 0;
		};
/* End PBXShellScriptBuildPhase section */

/* Begin PBXSourcesBuildPhase section */
		04663A221F2E9802009CF0E2 /* Sources */ = {
			isa = PBXSourcesBuildPhase;
			buildActionMask = 2147483647;
			files = (
				04B42E1B20D0C42C00B39E2F /* IndexViewCollectionViewController.swift in Sources */,
				04FD350320C02DC8001E267D /* NaturalLanguageProcessor.swift in Sources */,
				040EE8AA256B230200764833 /* PrizeWheelViewController.swift in Sources */,
				046B7E0F21F926F1002787D2 /* XibViewController.swift in Sources */,
				048D48E51F3413DF0025BF24 /* CalculatorModel.swift in Sources */,
				04DD2D421FE4780C00ED8591 /* MyTableViewController.swift in Sources */,
				046A084A2113DC5600176280 /* SpinnerViewController.swift in Sources */,
				040EE8B0256B28A200764833 /* PrizeWheelPrize.swift in Sources */,
				04FF38502010465A00203820 /* HapticFeedbackViewController.swift in Sources */,
				04C6039D1FB7E9A3009BE3EE /* NavViewController.swift in Sources */,
				048F97F81FCBD17100A2805F /* ImageShowerControlleer.swift in Sources */,
				04663A2C1F2E9802009CF0E2 /* CalcViewController.swift in Sources */,
				04663A2A1F2E9802009CF0E2 /* AppDelegate.swift in Sources */,
				049A7F9C1FD116A100F370B5 /* CoreMotionViewController.swift in Sources */,
				040EE8AE256B258F00764833 /* PrizeWheelScene.swift in Sources */,
				041C5ADC21CD961A0001A2D8 /* TabStripViewController.swift in Sources */,
				046A08482113D39E00176280 /* CoreAnimationSpinner.swift in Sources */,
			);
			runOnlyForDeploymentPostprocessing = 0;
		};
/* End PBXSourcesBuildPhase section */

/* Begin PBXVariantGroup section */
		04663A2D1F2E9802009CF0E2 /* Main.storyboard */ = {
			isa = PBXVariantGroup;
			children = (
				04663A2E1F2E9802009CF0E2 /* Base */,
			);
			name = Main.storyboard;
			sourceTree = "<group>";
		};
		04663A321F2E9802009CF0E2 /* LaunchScreen.storyboard */ = {
			isa = PBXVariantGroup;
			children = (
				04663A331F2E9802009CF0E2 /* Base */,
			);
			name = LaunchScreen.storyboard;
			sourceTree = "<group>";
		};
/* End PBXVariantGroup section */

/* Begin XCBuildConfiguration section */
		04663A361F2E9802009CF0E2 /* Debug */ = {
			isa = XCBuildConfiguration;
			buildSettings = {
				ALWAYS_SEARCH_USER_PATHS = NO;
				CLANG_ANALYZER_NONNULL = YES;
				CLANG_ANALYZER_NUMBER_OBJECT_CONVERSION = YES_AGGRESSIVE;
				CLANG_CXX_LANGUAGE_STANDARD = "gnu++0x";
				CLANG_CXX_LIBRARY = "libc++";
				CLANG_ENABLE_MODULES = YES;
				CLANG_ENABLE_OBJC_ARC = YES;
				CLANG_WARN_BLOCK_CAPTURE_AUTORELEASING = YES;
				CLANG_WARN_BOOL_CONVERSION = YES;
				CLANG_WARN_COMMA = YES;
				CLANG_WARN_CONSTANT_CONVERSION = YES;
				CLANG_WARN_DEPRECATED_OBJC_IMPLEMENTATIONS = YES;
				CLANG_WARN_DIRECT_OBJC_ISA_USAGE = YES_ERROR;
				CLANG_WARN_DOCUMENTATION_COMMENTS = YES;
				CLANG_WARN_EMPTY_BODY = YES;
				CLANG_WARN_ENUM_CONVERSION = YES;
				CLANG_WARN_INFINITE_RECURSION = YES;
				CLANG_WARN_INT_CONVERSION = YES;
				CLANG_WARN_NON_LITERAL_NULL_CONVERSION = YES;
				CLANG_WARN_OBJC_IMPLICIT_RETAIN_SELF = YES;
				CLANG_WARN_OBJC_LITERAL_CONVERSION = YES;
				CLANG_WARN_OBJC_ROOT_CLASS = YES_ERROR;
				CLANG_WARN_RANGE_LOOP_ANALYSIS = YES;
				CLANG_WARN_STRICT_PROTOTYPES = YES;
				CLANG_WARN_SUSPICIOUS_MOVE = YES;
				CLANG_WARN_UNREACHABLE_CODE = YES;
				CLANG_WARN__DUPLICATE_METHOD_MATCH = YES;
				"CODE_SIGN_IDENTITY[sdk=iphoneos*]" = "iPhone Developer";
				COPY_PHASE_STRIP = NO;
				DEBUG_INFORMATION_FORMAT = dwarf;
				ENABLE_STRICT_OBJC_MSGSEND = YES;
				ENABLE_TESTABILITY = YES;
				GCC_C_LANGUAGE_STANDARD = gnu99;
				GCC_DYNAMIC_NO_PIC = NO;
				GCC_NO_COMMON_BLOCKS = YES;
				GCC_OPTIMIZATION_LEVEL = 0;
				GCC_PREPROCESSOR_DEFINITIONS = (
					"DEBUG=1",
					"$(inherited)",
				);
				GCC_WARN_64_TO_32_BIT_CONVERSION = YES;
				GCC_WARN_ABOUT_RETURN_TYPE = YES_ERROR;
				GCC_WARN_UNDECLARED_SELECTOR = YES;
				GCC_WARN_UNINITIALIZED_AUTOS = YES_AGGRESSIVE;
				GCC_WARN_UNUSED_FUNCTION = YES;
				GCC_WARN_UNUSED_VARIABLE = YES;
				IPHONEOS_DEPLOYMENT_TARGET = 13.0;
				MTL_ENABLE_DEBUG_INFO = YES;
				ONLY_ACTIVE_ARCH = YES;
				SDKROOT = iphoneos;
				SWIFT_ACTIVE_COMPILATION_CONDITIONS = DEBUG;
				SWIFT_OPTIMIZATION_LEVEL = "-Onone";
				SWIFT_VERSION = 5.0;
				TARGETED_DEVICE_FAMILY = "1,2";
			};
			name = Debug;
		};
		04663A371F2E9802009CF0E2 /* Release */ = {
			isa = XCBuildConfiguration;
			buildSettings = {
				ALWAYS_SEARCH_USER_PATHS = NO;
				CLANG_ANALYZER_NONNULL = YES;
				CLANG_ANALYZER_NUMBER_OBJECT_CONVERSION = YES_AGGRESSIVE;
				CLANG_CXX_LANGUAGE_STANDARD = "gnu++0x";
				CLANG_CXX_LIBRARY = "libc++";
				CLANG_ENABLE_MODULES = YES;
				CLANG_ENABLE_OBJC_ARC = YES;
				CLANG_WARN_BLOCK_CAPTURE_AUTORELEASING = YES;
				CLANG_WARN_BOOL_CONVERSION = YES;
				CLANG_WARN_COMMA = YES;
				CLANG_WARN_CONSTANT_CONVERSION = YES;
				CLANG_WARN_DEPRECATED_OBJC_IMPLEMENTATIONS = YES;
				CLANG_WARN_DIRECT_OBJC_ISA_USAGE = YES_ERROR;
				CLANG_WARN_DOCUMENTATION_COMMENTS = YES;
				CLANG_WARN_EMPTY_BODY = YES;
				CLANG_WARN_ENUM_CONVERSION = YES;
				CLANG_WARN_INFINITE_RECURSION = YES;
				CLANG_WARN_INT_CONVERSION = YES;
				CLANG_WARN_NON_LITERAL_NULL_CONVERSION = YES;
				CLANG_WARN_OBJC_IMPLICIT_RETAIN_SELF = YES;
				CLANG_WARN_OBJC_LITERAL_CONVERSION = YES;
				CLANG_WARN_OBJC_ROOT_CLASS = YES_ERROR;
				CLANG_WARN_RANGE_LOOP_ANALYSIS = YES;
				CLANG_WARN_STRICT_PROTOTYPES = YES;
				CLANG_WARN_SUSPICIOUS_MOVE = YES;
				CLANG_WARN_UNREACHABLE_CODE = YES;
				CLANG_WARN__DUPLICATE_METHOD_MATCH = YES;
				"CODE_SIGN_IDENTITY[sdk=iphoneos*]" = "iPhone Developer";
				COPY_PHASE_STRIP = NO;
				DEBUG_INFORMATION_FORMAT = "dwarf-with-dsym";
				ENABLE_NS_ASSERTIONS = NO;
				ENABLE_STRICT_OBJC_MSGSEND = YES;
				GCC_C_LANGUAGE_STANDARD = gnu99;
				GCC_NO_COMMON_BLOCKS = YES;
				GCC_WARN_64_TO_32_BIT_CONVERSION = YES;
				GCC_WARN_ABOUT_RETURN_TYPE = YES_ERROR;
				GCC_WARN_UNDECLARED_SELECTOR = YES;
				GCC_WARN_UNINITIALIZED_AUTOS = YES_AGGRESSIVE;
				GCC_WARN_UNUSED_FUNCTION = YES;
				GCC_WARN_UNUSED_VARIABLE = YES;
				IPHONEOS_DEPLOYMENT_TARGET = 13.0;
				MTL_ENABLE_DEBUG_INFO = NO;
				SDKROOT = iphoneos;
				SWIFT_COMPILATION_MODE = wholemodule;
				SWIFT_OPTIMIZATION_LEVEL = "-O";
				SWIFT_VERSION = 5.0;
				TARGETED_DEVICE_FAMILY = "1,2";
				VALIDATE_PRODUCT = YES;
			};
			name = Release;
		};
		04663A391F2E9802009CF0E2 /* Debug */ = {
			isa = XCBuildConfiguration;
			baseConfigurationReference = A6020701CCC906A55CD2675F /* Pods-Calculator.debug.xcconfig */;
			buildSettings = {
				ALWAYS_EMBED_SWIFT_STANDARD_LIBRARIES = YES;
				ASSETCATALOG_COMPILER_APPICON_NAME = AppIcon;
				DEVELOPMENT_TEAM = NDBTK98VL3;
				INFOPLIST_FILE = Calculator/Info.plist;
				LD_RUNPATH_SEARCH_PATHS = (
					"$(inherited)",
					"@executable_path/Frameworks",
				);
				PRODUCT_BUNDLE_IDENTIFIER = mrproli.Calculator;
				PRODUCT_NAME = "$(TARGET_NAME)";
				SWIFT_VERSION = 4.2;
			};
			name = Debug;
		};
		04663A3A1F2E9802009CF0E2 /* Release */ = {
			isa = XCBuildConfiguration;
			baseConfigurationReference = 737D8DEF05592488E540B490 /* Pods-Calculator.release.xcconfig */;
			buildSettings = {
				ALWAYS_EMBED_SWIFT_STANDARD_LIBRARIES = YES;
				ASSETCATALOG_COMPILER_APPICON_NAME = AppIcon;
				DEVELOPMENT_TEAM = NDBTK98VL3;
				INFOPLIST_FILE = Calculator/Info.plist;
				LD_RUNPATH_SEARCH_PATHS = (
					"$(inherited)",
					"@executable_path/Frameworks",
				);
				PRODUCT_BUNDLE_IDENTIFIER = mrproli.Calculator;
				PRODUCT_NAME = "$(TARGET_NAME)";
				SWIFT_VERSION = 4.2;
			};
			name = Release;
		};
/* End XCBuildConfiguration section */

/* Begin XCConfigurationList section */
		04663A211F2E9802009CF0E2 /* Build configuration list for PBXProject "Calculator" */ = {
			isa = XCConfigurationList;
			buildConfigurations = (
				04663A361F2E9802009CF0E2 /* Debug */,
				04663A371F2E9802009CF0E2 /* Release */,
			);
			defaultConfigurationIsVisible = 0;
			defaultConfigurationName = Release;
		};
		04663A381F2E9802009CF0E2 /* Build configuration list for PBXNativeTarget "Calculator" */ = {
			isa = XCConfigurationList;
			buildConfigurations = (
				04663A391F2E9802009CF0E2 /* Debug */,
				04663A3A1F2E9802009CF0E2 /* Release */,
			);
			defaultConfigurationIsVisible = 0;
			defaultConfigurationName = Release;
		};
/* End XCConfigurationList section */

/* Begin XCRemoteSwiftPackageReference section */
		04897318256C0E1000CB260B /* XCRemoteSwiftPackageReference "JLActivityIndicator" */ = {
			isa = XCRemoteSwiftPackageReference;
			repositoryURL = "https://github.com/ljw980105/JLActivityIndicator";
			requirement = {
				kind = upToNextMajorVersion;
				minimumVersion = 2.2.1;
			};
		};
/* End XCRemoteSwiftPackageReference section */

/* Begin XCSwiftPackageProductDependency section */
		04897319256C0E1100CB260B /* JLActivityIndicator */ = {
			isa = XCSwiftPackageProductDependency;
			package = 04897318256C0E1000CB260B /* XCRemoteSwiftPackageReference "JLActivityIndicator" */;
			productName = JLActivityIndicator;
		};
/* End XCSwiftPackageProductDependency section */
	};
	rootObject = 04663A1E1F2E9802009CF0E2 /* Project object */;
}
